
Microsoft Visual Studio Solution File, Format Version 12.00
# Visual Studio Version 17
VisualStudioVersion = 17.3.32819.101
MinimumVisualStudioVersion = 10.0.40219.1
Project("{9A19103F-16F7-4668-BE54-9A1E7A4F7556}") = "FormulaEvaluator", "FormulaEvaluator\FormulaEvaluator.csproj", "{7C035A2F-D513-4CCF-AEA3-7D6359BBF41B}"
EndProject
Project("{9A19103F-16F7-4668-BE54-9A1E7A4F7556}") = "EvaluatorTester", "EvaluatorTester\EvaluatorTester.csproj", "{3BCC31AD-75BF-4F41-99B7-BAD63FEC141F}"
EndProject
Project("{FAE04EC0-301F-11D3-BF4B-00C04F79EFBC}") = "DependencyGraph", "DependencyGraph\DependencyGraph.csproj", "{D2C46BFA-B448-49FB-87C3-38D10D67A21C}"
EndProject
Project("{FAE04EC0-301F-11D3-BF4B-00C04F79EFBC}") = "DependencyGraphTests", "DependencyGraphTests\DependencyGraphTests.csproj", "{ABCF04F3-E987-4A14-9577-7251DECC4D87}"
EndProject
Global
	GlobalSection(SolutionConfigurationPlatforms) = preSolution
		Debug|Any CPU = Debug|Any CPU
		Release|Any CPU = Release|Any CPU
	EndGlobalSection
	GlobalSection(ProjectConfigurationPlatforms) = postSolution
		{7C035A2F-D513-4CCF-AEA3-7D6359BBF41B}.Debug|Any CPU.ActiveCfg = Debug|Any CPU
		{7C035A2F-D513-4CCF-AEA3-7D6359BBF41B}.Debug|Any CPU.Build.0 = Debug|Any CPU
		{7C035A2F-D513-4CCF-AEA3-7D6359BBF41B}.Release|Any CPU.ActiveCfg = Release|Any CPU
		{7C035A2F-D513-4CCF-AEA3-7D6359BBF41B}.Release|Any CPU.Build.0 = Release|Any CPU
		{3BCC31AD-75BF-4F41-99B7-BAD63FEC141F}.Debug|Any CPU.ActiveCfg = Debug|Any CPU
		{3BCC31AD-75BF-4F41-99B7-BAD63FEC141F}.Debug|Any CPU.Build.0 = Debug|Any CPU
		{3BCC31AD-75BF-4F41-99B7-BAD63FEC141F}.Release|Any CPU.ActiveCfg = Release|Any CPU
		{3BCC31AD-75BF-4F41-99B7-BAD63FEC141F}.Release|Any CPU.Build.0 = Release|Any CPU
		{D2C46BFA-B448-49FB-87C3-38D10D67A21C}.Debug|Any CPU.ActiveCfg = Debug|Any CPU
		{D2C46BFA-B448-49FB-87C3-38D10D67A21C}.Debug|Any CPU.Build.0 = Debug|Any CPU
		{D2C46BFA-B448-49FB-87C3-38D10D67A21C}.Release|Any CPU.ActiveCfg = Release|Any CPU
		{D2C46BFA-B448-49FB-87C3-38D10D67A21C}.Release|Any CPU.Build.0 = Release|Any CPU
		{ABCF04F3-E987-4A14-9577-7251DECC4D87}.Debug|Any CPU.ActiveCfg = Debug|Any CPU
		{ABCF04F3-E987-4A14-9577-7251DECC4D87}.Debug|Any CPU.Build.0 = Debug|Any CPU
		{ABCF04F3-E987-4A14-9577-7251DECC4D87}.Release|Any CPU.ActiveCfg = Release|Any CPU
		{ABCF04F3-E987-4A14-9577-7251DECC4D87}.Release|Any CPU.Build.0 = Release|Any CPU
	EndGlobalSection
	GlobalSection(SolutionProperties) = preSolution
		HideSolutionNode = FALSE
	EndGlobalSection
	GlobalSection(ExtensibilityGlobals) = postSolution
		SolutionGuid = {7E7E3BB7-B704-4CD3-A8CB-2FF3A98DD6E5}
	EndGlobalSection
EndGlobal
